[{<<"bcrypt">>,
  {git,"https://github.com/smarkets/erlang-bcrypt.git",
       {ref,"a63df34d4957dbb70a703c67c75ed9fee2c78971"}},
  1},
 {<<"cowboy">>,
  {git,"https://github.com/ninenines/cowboy",
       {ref,"0d81dc04f1d2194027ab918835b16a9fc0bceb9b"}},
  0},
 {<<"cowlib">>,
  {git,"https://github.com/ninenines/cowlib",
       {ref,"07cde7c6def6eeed0174b270229e7d5175673d87"}},
  1},
 {<<"epgsql">>,
  {git,"https://github.com/epgsql/epgsql",
       {ref,"7447cd51af73b4ff7947237a4be0a58ece34feb2"}},
  0},
 {<<"erlpass">>,
  {git,"https://github.com/ferd/erlpass",
       {ref,"1a39e415d2d0d6f53616ea84e1148230ff54cc89"}},
  0},
 {<<"jiffy">>,
  {git,"https://github.com/davisp/jiffy",
       {ref,"06aaf440e091c9fd5f8aea557ac760a33bd37130"}},
  0},
 {<<"ranch">>,
  {git,"https://github.com/ninenines/ranch",
       {ref,"40809cd2b257a8a53bcb5588ecaa88cc5381ff5c"}},
  1}].
